
Microsoft Visual Studio Solution File, Format Version 12.00
# Visual Studio 15
VisualStudioVersion = 15.0.28307.645
MinimumVisualStudioVersion = 10.0.40219.1
Project("{8BC9CEB8-8B4A-11D0-8D11-00A0C91BC942}") = "Socket", "Socket\Socket.vcxproj", "{4B5E0FEA-8BBE-4147-8B3D-4739E9573EA5}"
EndProject
Project("{8BC9CEB8-8B4A-11D0-8D11-00A0C91BC942}") = "EasyTcpClient", "EasyTcpClient\EasyTcpClient.vcxproj", "{B721F82C-9C65-4A85-A0C5-E5B71422A55A}"
EndProject
Project("{8BC9CEB8-8B4A-11D0-8D11-00A0C91BC942}") = "EasyTcpServer", "EasyTcpServer\EasyTcpServer.vcxproj", "{B8935B1B-9D00-44D2-9D6F-CA11C8A6AB0E}"
EndProject
Project("{8BC9CEB8-8B4A-11D0-8D11-00A0C91BC942}") = "SThread", "SThread\SThread.vcxproj", "{CAE974E0-9F02-48F3-83A2-143A8CC89A1A}"
EndProject
Project("{8BC9CEB8-8B4A-11D0-8D11-00A0C91BC942}") = "EMemory", "EMemory\EMemory.vcxproj", "{52C7C3B5-11C0-4C9C-849D-C1E68CBD4A1A}"
EndProject
Project("{8BC9CEB8-8B4A-11D0-8D11-00A0C91BC942}") = "CppNetworkDll", "CppNetworkDll\CppNetworkDll.vcxproj", "{0C656F6E-8EE4-436B-8321-9F204D92D0FB}"
EndProject
Global
	GlobalSection(SolutionConfigurationPlatforms) = preSolution
		Debug|ARM = Debug|ARM
		Debug|ARM64 = Debug|ARM64
		Debug|x64 = Debug|x64
		Debug|x86 = Debug|x86
		Release|ARM = Release|ARM
		Release|ARM64 = Release|ARM64
		Release|x64 = Release|x64
		Release|x86 = Release|x86
	EndGlobalSection
	GlobalSection(ProjectConfigurationPlatforms) = postSolution
		{4B5E0FEA-8BBE-4147-8B3D-4739E9573EA5}.Debug|ARM.ActiveCfg = Debug|Win32
		{4B5E0FEA-8BBE-4147-8B3D-4739E9573EA5}.Debug|ARM64.ActiveCfg = Debug|Win32
		{4B5E0FEA-8BBE-4147-8B3D-4739E9573EA5}.Debug|x64.ActiveCfg = Debug|x64
		{4B5E0FEA-8BBE-4147-8B3D-4739E9573EA5}.Debug|x64.Build.0 = Debug|x64
		{4B5E0FEA-8BBE-4147-8B3D-4739E9573EA5}.Debug|x86.ActiveCfg = Debug|Win32
		{4B5E0FEA-8BBE-4147-8B3D-4739E9573EA5}.Debug|x86.Build.0 = Debug|Win32
		{4B5E0FEA-8BBE-4147-8B3D-4739E9573EA5}.Release|ARM.ActiveCfg = Release|Win32
		{4B5E0FEA-8BBE-4147-8B3D-4739E9573EA5}.Release|ARM64.ActiveCfg = Release|Win32
		{4B5E0FEA-8BBE-4147-8B3D-4739E9573EA5}.Release|x64.ActiveCfg = Release|x64
		{4B5E0FEA-8BBE-4147-8B3D-4739E9573EA5}.Release|x64.Build.0 = Release|x64
		{4B5E0FEA-8BBE-4147-8B3D-4739E9573EA5}.Release|x86.ActiveCfg = Release|Win32
		{4B5E0FEA-8BBE-4147-8B3D-4739E9573EA5}.Release|x86.Build.0 = Release|Win32
		{B721F82C-9C65-4A85-A0C5-E5B71422A55A}.Debug|ARM.ActiveCfg = Debug|Win32
		{B721F82C-9C65-4A85-A0C5-E5B71422A55A}.Debug|ARM64.ActiveCfg = Debug|Win32
		{B721F82C-9C65-4A85-A0C5-E5B71422A55A}.Debug|x64.ActiveCfg = Debug|x64
		{B721F82C-9C65-4A85-A0C5-E5B71422A55A}.Debug|x64.Build.0 = Debug|x64
		{B721F82C-9C65-4A85-A0C5-E5B71422A55A}.Debug|x86.ActiveCfg = Debug|Win32
		{B721F82C-9C65-4A85-A0C5-E5B71422A55A}.Debug|x86.Build.0 = Debug|Win32
		{B721F82C-9C65-4A85-A0C5-E5B71422A55A}.Release|ARM.ActiveCfg = Release|Win32
		{B721F82C-9C65-4A85-A0C5-E5B71422A55A}.Release|ARM64.ActiveCfg = Release|Win32
		{B721F82C-9C65-4A85-A0C5-E5B71422A55A}.Release|x64.ActiveCfg = Release|x64
		{B721F82C-9C65-4A85-A0C5-E5B71422A55A}.Release|x64.Build.0 = Release|x64
		{B721F82C-9C65-4A85-A0C5-E5B71422A55A}.Release|x86.ActiveCfg = Release|Win32
		{B721F82C-9C65-4A85-A0C5-E5B71422A55A}.Release|x86.Build.0 = Release|Win32
		{B8935B1B-9D00-44D2-9D6F-CA11C8A6AB0E}.Debug|ARM.ActiveCfg = Debug|Win32
		{B8935B1B-9D00-44D2-9D6F-CA11C8A6AB0E}.Debug|ARM64.ActiveCfg = Debug|Win32
		{B8935B1B-9D00-44D2-9D6F-CA11C8A6AB0E}.Debug|x64.ActiveCfg = Debug|x64
		{B8935B1B-9D00-44D2-9D6F-CA11C8A6AB0E}.Debug|x64.Build.0 = Debug|x64
		{B8935B1B-9D00-44D2-9D6F-CA11C8A6AB0E}.Debug|x86.ActiveCfg = Debug|Win32
		{B8935B1B-9D00-44D2-9D6F-CA11C8A6AB0E}.Debug|x86.Build.0 = Debug|Win32
		{B8935B1B-9D00-44D2-9D6F-CA11C8A6AB0E}.Release|ARM.ActiveCfg = Release|Win32
		{B8935B1B-9D00-44D2-9D6F-CA11C8A6AB0E}.Release|ARM64.ActiveCfg = Release|Win32
		{B8935B1B-9D00-44D2-9D6F-CA11C8A6AB0E}.Release|x64.ActiveCfg = Release|x64
		{B8935B1B-9D00-44D2-9D6F-CA11C8A6AB0E}.Release|x64.Build.0 = Release|x64
		{B8935B1B-9D00-44D2-9D6F-CA11C8A6AB0E}.Release|x86.ActiveCfg = Release|Win32
		{B8935B1B-9D00-44D2-9D6F-CA11C8A6AB0E}.Release|x86.Build.0 = Release|Win32
		{CAE974E0-9F02-48F3-83A2-143A8CC89A1A}.Debug|ARM.ActiveCfg = Debug|Win32
		{CAE974E0-9F02-48F3-83A2-143A8CC89A1A}.Debug|ARM64.ActiveCfg = Debug|Win32
		{CAE974E0-9F02-48F3-83A2-143A8CC89A1A}.Debug|x64.ActiveCfg = Debug|x64
		{CAE974E0-9F02-48F3-83A2-143A8CC89A1A}.Debug|x64.Build.0 = Debug|x64
		{CAE974E0-9F02-48F3-83A2-143A8CC89A1A}.Debug|x86.ActiveCfg = Debug|Win32
		{CAE974E0-9F02-48F3-83A2-143A8CC89A1A}.Debug|x86.Build.0 = Debug|Win32
		{CAE974E0-9F02-48F3-83A2-143A8CC89A1A}.Release|ARM.ActiveCfg = Release|Win32
		{CAE974E0-9F02-48F3-83A2-143A8CC89A1A}.Release|ARM64.ActiveCfg = Release|Win32
		{CAE974E0-9F02-48F3-83A2-143A8CC89A1A}.Release|x64.ActiveCfg = Release|x64
		{CAE974E0-9F02-48F3-83A2-143A8CC89A1A}.Release|x64.Build.0 = Release|x64
		{CAE974E0-9F02-48F3-83A2-143A8CC89A1A}.Release|x86.ActiveCfg = Release|Win32
		{CAE974E0-9F02-48F3-83A2-143A8CC89A1A}.Release|x86.Build.0 = Release|Win32
		{52C7C3B5-11C0-4C9C-849D-C1E68CBD4A1A}.Debug|ARM.ActiveCfg = Debug|Win32
		{52C7C3B5-11C0-4C9C-849D-C1E68CBD4A1A}.Debug|ARM64.ActiveCfg = Debug|Win32
		{52C7C3B5-11C0-4C9C-849D-C1E68CBD4A1A}.Debug|x64.ActiveCfg = Debug|x64
		{52C7C3B5-11C0-4C9C-849D-C1E68CBD4A1A}.Debug|x64.Build.0 = Debug|x64
		{52C7C3B5-11C0-4C9C-849D-C1E68CBD4A1A}.Debug|x86.ActiveCfg = Debug|Win32
		{52C7C3B5-11C0-4C9C-849D-C1E68CBD4A1A}.Debug|x86.Build.0 = Debug|Win32
		{52C7C3B5-11C0-4C9C-849D-C1E68CBD4A1A}.Release|ARM.ActiveCfg = Release|Win32
		{52C7C3B5-11C0-4C9C-849D-C1E68CBD4A1A}.Release|ARM64.ActiveCfg = Release|Win32
		{52C7C3B5-11C0-4C9C-849D-C1E68CBD4A1A}.Release|x64.ActiveCfg = Release|x64
		{52C7C3B5-11C0-4C9C-849D-C1E68CBD4A1A}.Release|x64.Build.0 = Release|x64
		{52C7C3B5-11C0-4C9C-849D-C1E68CBD4A1A}.Release|x86.ActiveCfg = Release|Win32
		{52C7C3B5-11C0-4C9C-849D-C1E68CBD4A1A}.Release|x86.Build.0 = Release|Win32
		{0C656F6E-8EE4-436B-8321-9F204D92D0FB}.Debug|ARM.ActiveCfg = Debug|Win32
		{0C656F6E-8EE4-436B-8321-9F204D92D0FB}.Debug|ARM64.ActiveCfg = Debug|Win32
		{0C656F6E-8EE4-436B-8321-9F204D92D0FB}.Debug|x64.ActiveCfg = Debug|x64
		{0C656F6E-8EE4-436B-8321-9F204D92D0FB}.Debug|x64.Build.0 = Debug|x64
		{0C656F6E-8EE4-436B-8321-9F204D92D0FB}.Debug|x86.ActiveCfg = Debug|Win32
		{0C656F6E-8EE4-436B-8321-9F204D92D0FB}.Debug|x86.Build.0 = Debug|Win32
		{0C656F6E-8EE4-436B-8321-9F204D92D0FB}.Release|ARM.ActiveCfg = Release|Win32
		{0C656F6E-8EE4-436B-8321-9F204D92D0FB}.Release|ARM64.ActiveCfg = Release|Win32
		{0C656F6E-8EE4-436B-8321-9F204D92D0FB}.Release|x64.ActiveCfg = Release|x64
		{0C656F6E-8EE4-436B-8321-9F204D92D0FB}.Release|x64.Build.0 = Release|x64
		{0C656F6E-8EE4-436B-8321-9F204D92D0FB}.Release|x86.ActiveCfg = Release|Win32
		{0C656F6E-8EE4-436B-8321-9F204D92D0FB}.Release|x86.Build.0 = Release|Win32
	EndGlobalSection
	GlobalSection(SolutionProperties) = preSolution
		HideSolutionNode = FALSE
	EndGlobalSection
	GlobalSection(ExtensibilityGlobals) = postSolution
		SolutionGuid = {E81A8A37-399A-400A-937E-A2F74564600F}
	EndGlobalSection
EndGlobal
