// !$*UTF8*$!
{
	archiveVersion = 1;
	classes = {
	};
	objectVersion = 50;
	objects = {

/* Begin PBXBuildFile section */
		3D830B3C22A13426006E6919 /* main.cpp in Sources */ = {isa = PBXBuildFile; fileRef = 3D830B3B22A13426006E6919 /* main.cpp */; };
		3D830B5822A1343B006E6919 /* Alloctor.cpp in Sources */ = {isa = PBXBuildFile; fileRef = 3D830B5022A1343B006E6919 /* Alloctor.cpp */; };
/* End PBXBuildFile section */

/* Begin PBXCopyFilesBuildPhase section */
		3D830B3622A13426006E6919 /* CopyFiles */ = {
			isa = PBXCopyFilesBuildPhase;
			buildActionMask = 2147483647;
			dstPath = /usr/share/man/man1/;
			dstSubfolderSpec = 0;
			files = (
			);
			runOnlyForDeploymentPostprocessing = 1;
		};
/* End PBXCopyFilesBuildPhase section */

/* Begin PBXFileReference section */
		3D830B3822A13426006E6919 /* EasyTcpServer */ = {isa = PBXFileReference; explicitFileType = "compiled.mach-o.executable"; includeInIndex = 0; path = EasyTcpServer; sourceTree = BUILT_PRODUCTS_DIR; };
		3D830B3B22A13426006E6919 /* main.cpp */ = {isa = PBXFileReference; lastKnownFileType = sourcecode.cpp.cpp; path = main.cpp; sourceTree = "<group>"; };
		3D830B4422A1343B006E6919 /* CellStream.hpp */ = {isa = PBXFileReference; fileEncoding = 4; lastKnownFileType = sourcecode.cpp.h; path = CellStream.hpp; sourceTree = "<group>"; };
		3D830B4522A1343B006E6919 /* INetEvent.hpp */ = {isa = PBXFileReference; fileEncoding = 4; lastKnownFileType = sourcecode.cpp.h; path = INetEvent.hpp; sourceTree = "<group>"; };
		3D830B4622A1343B006E6919 /* EasyTcpServer.hpp */ = {isa = PBXFileReference; fileEncoding = 4; lastKnownFileType = sourcecode.cpp.h; path = EasyTcpServer.hpp; sourceTree = "<group>"; };
		3D830B4722A1343B006E6919 /* CellSemaphore.hpp */ = {isa = PBXFileReference; fileEncoding = 4; lastKnownFileType = sourcecode.cpp.h; path = CellSemaphore.hpp; sourceTree = "<group>"; };
		3D830B4822A1343B006E6919 /* CellMsgStream.hpp */ = {isa = PBXFileReference; fileEncoding = 4; lastKnownFileType = sourcecode.cpp.h; path = CellMsgStream.hpp; sourceTree = "<group>"; };
		3D830B4922A1343B006E6919 /* CellTimestamp.hpp */ = {isa = PBXFileReference; fileEncoding = 4; lastKnownFileType = sourcecode.cpp.h; path = CellTimestamp.hpp; sourceTree = "<group>"; };
		3D830B4A22A1343B006E6919 /* CellServer.hpp */ = {isa = PBXFileReference; fileEncoding = 4; lastKnownFileType = sourcecode.cpp.h; path = CellServer.hpp; sourceTree = "<group>"; };
		3D830B4B22A1343B006E6919 /* MessageHeader.hpp */ = {isa = PBXFileReference; fileEncoding = 4; lastKnownFileType = sourcecode.cpp.h; path = MessageHeader.hpp; sourceTree = "<group>"; };
		3D830B4C22A1343B006E6919 /* Alloctor.h */ = {isa = PBXFileReference; fileEncoding = 4; lastKnownFileType = sourcecode.c.h; path = Alloctor.h; sourceTree = "<group>"; };
		3D830B4D22A1343B006E6919 /* CellThread.hpp */ = {isa = PBXFileReference; fileEncoding = 4; lastKnownFileType = sourcecode.cpp.h; path = CellThread.hpp; sourceTree = "<group>"; };
		3D830B4E22A1343B006E6919 /* CellLog.hpp */ = {isa = PBXFileReference; fileEncoding = 4; lastKnownFileType = sourcecode.cpp.h; path = CellLog.hpp; sourceTree = "<group>"; };
		3D830B4F22A1343B006E6919 /* Cell.hpp */ = {isa = PBXFileReference; fileEncoding = 4; lastKnownFileType = sourcecode.cpp.h; path = Cell.hpp; sourceTree = "<group>"; };
		3D830B5022A1343B006E6919 /* Alloctor.cpp */ = {isa = PBXFileReference; fileEncoding = 4; lastKnownFileType = sourcecode.cpp.cpp; path = Alloctor.cpp; sourceTree = "<group>"; };
		3D830B5122A1343B006E6919 /* CellClient.hpp */ = {isa = PBXFileReference; fileEncoding = 4; lastKnownFileType = sourcecode.cpp.h; path = CellClient.hpp; sourceTree = "<group>"; };
		3D830B5222A1343B006E6919 /* CellObjectPool.hpp */ = {isa = PBXFileReference; fileEncoding = 4; lastKnownFileType = sourcecode.cpp.h; path = CellObjectPool.hpp; sourceTree = "<group>"; };
		3D830B5322A1343B006E6919 /* CellTask.hpp */ = {isa = PBXFileReference; fileEncoding = 4; lastKnownFileType = sourcecode.cpp.h; path = CellTask.hpp; sourceTree = "<group>"; };
		3D830B5422A1343B006E6919 /* EasyTcpClient.hpp */ = {isa = PBXFileReference; fileEncoding = 4; lastKnownFileType = sourcecode.cpp.h; path = EasyTcpClient.hpp; sourceTree = "<group>"; };
		3D830B5522A1343B006E6919 /* CellNetWork.hpp */ = {isa = PBXFileReference; fileEncoding = 4; lastKnownFileType = sourcecode.cpp.h; path = CellNetWork.hpp; sourceTree = "<group>"; };
		3D830B5622A1343B006E6919 /* MemoryMgr.hpp */ = {isa = PBXFileReference; fileEncoding = 4; lastKnownFileType = sourcecode.cpp.h; path = MemoryMgr.hpp; sourceTree = "<group>"; };
		3D830B5722A1343B006E6919 /* CellBuffer.hpp */ = {isa = PBXFileReference; fileEncoding = 4; lastKnownFileType = sourcecode.cpp.h; path = CellBuffer.hpp; sourceTree = "<group>"; };
/* End PBXFileReference section */

/* Begin PBXFrameworksBuildPhase section */
		3D830B3522A13426006E6919 /* Frameworks */ = {
			isa = PBXFrameworksBuildPhase;
			buildActionMask = 2147483647;
			files = (
			);
			runOnlyForDeploymentPostprocessing = 0;
		};
/* End PBXFrameworksBuildPhase section */

/* Begin PBXGroup section */
		3D830B2F22A13426006E6919 = {
			isa = PBXGroup;
			children = (
				3D830B3A22A13426006E6919 /* EasyTcpServer */,
				3D830B3922A13426006E6919 /* Products */,
			);
			sourceTree = "<group>";
		};
		3D830B3922A13426006E6919 /* Products */ = {
			isa = PBXGroup;
			children = (
				3D830B3822A13426006E6919 /* EasyTcpServer */,
			);
			name = Products;
			sourceTree = "<group>";
		};
		3D830B3A22A13426006E6919 /* EasyTcpServer */ = {
			isa = PBXGroup;
			children = (
				3D830B4222A1343B006E6919 /* depends */,
				3D830B3B22A13426006E6919 /* main.cpp */,
			);
			path = EasyTcpServer;
			sourceTree = "<group>";
		};
		3D830B4222A1343B006E6919 /* depends */ = {
			isa = PBXGroup;
			children = (
				3D830B4322A1343B006E6919 /* include */,
			);
			path = depends;
			sourceTree = "<group>";
		};
		3D830B4322A1343B006E6919 /* include */ = {
			isa = PBXGroup;
			children = (
				3D830B4422A1343B006E6919 /* CellStream.hpp */,
				3D830B4522A1343B006E6919 /* INetEvent.hpp */,
				3D830B4622A1343B006E6919 /* EasyTcpServer.hpp */,
				3D830B4722A1343B006E6919 /* CellSemaphore.hpp */,
				3D830B4822A1343B006E6919 /* CellMsgStream.hpp */,
				3D830B4922A1343B006E6919 /* CellTimestamp.hpp */,
				3D830B4A22A1343B006E6919 /* CellServer.hpp */,
				3D830B4B22A1343B006E6919 /* MessageHeader.hpp */,
				3D830B4C22A1343B006E6919 /* Alloctor.h */,
				3D830B4D22A1343B006E6919 /* CellThread.hpp */,
				3D830B4E22A1343B006E6919 /* CellLog.hpp */,
				3D830B4F22A1343B006E6919 /* Cell.hpp */,
				3D830B5022A1343B006E6919 /* Alloctor.cpp */,
				3D830B5122A1343B006E6919 /* CellClient.hpp */,
				3D830B5222A1343B006E6919 /* CellObjectPool.hpp */,
				3D830B5322A1343B006E6919 /* CellTask.hpp */,
				3D830B5422A1343B006E6919 /* EasyTcpClient.hpp */,
				3D830B5522A1343B006E6919 /* CellNetWork.hpp */,
				3D830B5622A1343B006E6919 /* MemoryMgr.hpp */,
				3D830B5722A1343B006E6919 /* CellBuffer.hpp */,
			);
			path = include;
			sourceTree = "<group>";
		};
/* End PBXGroup section */

/* Begin PBXNativeTarget section */
		3D830B3722A13426006E6919 /* EasyTcpServer */ = {
			isa = PBXNativeTarget;
			buildConfigurationList = 3D830B3F22A13426006E6919 /* Build configuration list for PBXNativeTarget "EasyTcpServer" */;
			buildPhases = (
				3D830B3422A13426006E6919 /* Sources */,
				3D830B3522A13426006E6919 /* Frameworks */,
				3D830B3622A13426006E6919 /* CopyFiles */,
			);
			buildRules = (
			);
			dependencies = (
			);
			name = EasyTcpServer;
			productName = EasyTcpServer;
			productReference = 3D830B3822A13426006E6919 /* EasyTcpServer */;
			productType = "com.apple.product-type.tool";
		};
/* End PBXNativeTarget section */

/* Begin PBXProject section */
		3D830B3022A13426006E6919 /* Project object */ = {
			isa = PBXProject;
			attributes = {
				LastUpgradeCheck = 1020;
				ORGANIZATIONNAME = "技术研发-IOS";
				TargetAttributes = {
					3D830B3722A13426006E6919 = {
						CreatedOnToolsVersion = 10.2;
					};
				};
			};
			buildConfigurationList = 3D830B3322A13426006E6919 /* Build configuration list for PBXProject "EasyTcpServer" */;
			compatibilityVersion = "Xcode 9.3";
			developmentRegion = en;
			hasScannedForEncodings = 0;
			knownRegions = (
				en,
			);
			mainGroup = 3D830B2F22A13426006E6919;
			productRefGroup = 3D830B3922A13426006E6919 /* Products */;
			projectDirPath = "";
			projectRoot = "";
			targets = (
				3D830B3722A13426006E6919 /* EasyTcpServer */,
			);
		};
/* End PBXProject section */

/* Begin PBXSourcesBuildPhase section */
		3D830B3422A13426006E6919 /* Sources */ = {
			isa = PBXSourcesBuildPhase;
			buildActionMask = 2147483647;
			files = (
				3D830B3C22A13426006E6919 /* main.cpp in Sources */,
				3D830B5822A1343B006E6919 /* Alloctor.cpp in Sources */,
			);
			runOnlyForDeploymentPostprocessing = 0;
		};
/* End PBXSourcesBuildPhase section */

/* Begin XCBuildConfiguration section */
		3D830B3D22A13426006E6919 /* Debug */ = {
			isa = XCBuildConfiguration;
			buildSettings = {
				ALWAYS_SEARCH_USER_PATHS = NO;
				CLANG_ANALYZER_NONNULL = YES;
				CLANG_ANALYZER_NUMBER_OBJECT_CONVERSION = YES_AGGRESSIVE;
				CLANG_CXX_LANGUAGE_STANDARD = "gnu++14";
				CLANG_CXX_LIBRARY = "libc++";
				CLANG_ENABLE_MODULES = YES;
				CLANG_ENABLE_OBJC_ARC = YES;
				CLANG_ENABLE_OBJC_WEAK = YES;
				CLANG_WARN_BLOCK_CAPTURE_AUTORELEASING = YES;
				CLANG_WARN_BOOL_CONVERSION = YES;
				CLANG_WARN_COMMA = YES;
				CLANG_WARN_CONSTANT_CONVERSION = YES;
				CLANG_WARN_DEPRECATED_OBJC_IMPLEMENTATIONS = YES;
				CLANG_WARN_DIRECT_OBJC_ISA_USAGE = YES_ERROR;
				CLANG_WARN_DOCUMENTATION_COMMENTS = YES;
				CLANG_WARN_EMPTY_BODY = YES;
				CLANG_WARN_ENUM_CONVERSION = YES;
				CLANG_WARN_INFINITE_RECURSION = YES;
				CLANG_WARN_INT_CONVERSION = YES;
				CLANG_WARN_NON_LITERAL_NULL_CONVERSION = YES;
				CLANG_WARN_OBJC_IMPLICIT_RETAIN_SELF = YES;
				CLANG_WARN_OBJC_LITERAL_CONVERSION = YES;
				CLANG_WARN_OBJC_ROOT_CLASS = YES_ERROR;
				CLANG_WARN_RANGE_LOOP_ANALYSIS = YES;
				CLANG_WARN_STRICT_PROTOTYPES = YES;
				CLANG_WARN_SUSPICIOUS_MOVE = YES;
				CLANG_WARN_UNGUARDED_AVAILABILITY = YES_AGGRESSIVE;
				CLANG_WARN_UNREACHABLE_CODE = YES;
				CLANG_WARN__DUPLICATE_METHOD_MATCH = YES;
				CODE_SIGN_IDENTITY = "Mac Developer";
				COPY_PHASE_STRIP = NO;
				DEBUG_INFORMATION_FORMAT = dwarf;
				ENABLE_STRICT_OBJC_MSGSEND = YES;
				ENABLE_TESTABILITY = YES;
				GCC_C_LANGUAGE_STANDARD = gnu11;
				GCC_DYNAMIC_NO_PIC = NO;
				GCC_NO_COMMON_BLOCKS = YES;
				GCC_OPTIMIZATION_LEVEL = 0;
				GCC_PREPROCESSOR_DEFINITIONS = (
					"DEBUG=1",
					"$(inherited)",
				);
				GCC_WARN_64_TO_32_BIT_CONVERSION = YES;
				GCC_WARN_ABOUT_RETURN_TYPE = YES_ERROR;
				GCC_WARN_UNDECLARED_SELECTOR = YES;
				GCC_WARN_UNINITIALIZED_AUTOS = YES_AGGRESSIVE;
				GCC_WARN_UNUSED_FUNCTION = YES;
				GCC_WARN_UNUSED_VARIABLE = YES;
				MACOSX_DEPLOYMENT_TARGET = 10.14;
				MTL_ENABLE_DEBUG_INFO = INCLUDE_SOURCE;
				MTL_FAST_MATH = YES;
				ONLY_ACTIVE_ARCH = YES;
				SDKROOT = macosx;
			};
			name = Debug;
		};
		3D830B3E22A13426006E6919 /* Release */ = {
			isa = XCBuildConfiguration;
			buildSettings = {
				ALWAYS_SEARCH_USER_PATHS = NO;
				CLANG_ANALYZER_NONNULL = YES;
				CLANG_ANALYZER_NUMBER_OBJECT_CONVERSION = YES_AGGRESSIVE;
				CLANG_CXX_LANGUAGE_STANDARD = "gnu++14";
				CLANG_CXX_LIBRARY = "libc++";
				CLANG_ENABLE_MODULES = YES;
				CLANG_ENABLE_OBJC_ARC = YES;
				CLANG_ENABLE_OBJC_WEAK = YES;
				CLANG_WARN_BLOCK_CAPTURE_AUTORELEASING = YES;
				CLANG_WARN_BOOL_CONVERSION = YES;
				CLANG_WARN_COMMA = YES;
				CLANG_WARN_CONSTANT_CONVERSION = YES;
				CLANG_WARN_DEPRECATED_OBJC_IMPLEMENTATIONS = YES;
				CLANG_WARN_DIRECT_OBJC_ISA_USAGE = YES_ERROR;
				CLANG_WARN_DOCUMENTATION_COMMENTS = YES;
				CLANG_WARN_EMPTY_BODY = YES;
				CLANG_WARN_ENUM_CONVERSION = YES;
				CLANG_WARN_INFINITE_RECURSION = YES;
				CLANG_WARN_INT_CONVERSION = YES;
				CLANG_WARN_NON_LITERAL_NULL_CONVERSION = YES;
				CLANG_WARN_OBJC_IMPLICIT_RETAIN_SELF = YES;
				CLANG_WARN_OBJC_LITERAL_CONVERSION = YES;
				CLANG_WARN_OBJC_ROOT_CLASS = YES_ERROR;
				CLANG_WARN_RANGE_LOOP_ANALYSIS = YES;
				CLANG_WARN_STRICT_PROTOTYPES = YES;
				CLANG_WARN_SUSPICIOUS_MOVE = YES;
				CLANG_WARN_UNGUARDED_AVAILABILITY = YES_AGGRESSIVE;
				CLANG_WARN_UNREACHABLE_CODE = YES;
				CLANG_WARN__DUPLICATE_METHOD_MATCH = YES;
				CODE_SIGN_IDENTITY = "Mac Developer";
				COPY_PHASE_STRIP = NO;
				DEBUG_INFORMATION_FORMAT = "dwarf-with-dsym";
				ENABLE_NS_ASSERTIONS = NO;
				ENABLE_STRICT_OBJC_MSGSEND = YES;
				GCC_C_LANGUAGE_STANDARD = gnu11;
				GCC_NO_COMMON_BLOCKS = YES;
				GCC_WARN_64_TO_32_BIT_CONVERSION = YES;
				GCC_WARN_ABOUT_RETURN_TYPE = YES_ERROR;
				GCC_WARN_UNDECLARED_SELECTOR = YES;
				GCC_WARN_UNINITIALIZED_AUTOS = YES_AGGRESSIVE;
				GCC_WARN_UNUSED_FUNCTION = YES;
				GCC_WARN_UNUSED_VARIABLE = YES;
				MACOSX_DEPLOYMENT_TARGET = 10.14;
				MTL_ENABLE_DEBUG_INFO = NO;
				MTL_FAST_MATH = YES;
				SDKROOT = macosx;
			};
			name = Release;
		};
		3D830B4022A13426006E6919 /* Debug */ = {
			isa = XCBuildConfiguration;
			buildSettings = {
				CODE_SIGN_STYLE = Automatic;
				DEVELOPMENT_TEAM = FZBCM6U2XB;
				PRODUCT_NAME = "$(TARGET_NAME)";
			};
			name = Debug;
		};
		3D830B4122A13426006E6919 /* Release */ = {
			isa = XCBuildConfiguration;
			buildSettings = {
				CODE_SIGN_STYLE = Automatic;
				DEVELOPMENT_TEAM = FZBCM6U2XB;
				PRODUCT_NAME = "$(TARGET_NAME)";
			};
			name = Release;
		};
/* End XCBuildConfiguration section */

/* Begin XCConfigurationList section */
		3D830B3322A13426006E6919 /* Build configuration list for PBXProject "EasyTcpServer" */ = {
			isa = XCConfigurationList;
			buildConfigurations = (
				3D830B3D22A13426006E6919 /* Debug */,
				3D830B3E22A13426006E6919 /* Release */,
			);
			defaultConfigurationIsVisible = 0;
			defaultConfigurationName = Release;
		};
		3D830B3F22A13426006E6919 /* Build configuration list for PBXNativeTarget "EasyTcpServer" */ = {
			isa = XCConfigurationList;
			buildConfigurations = (
				3D830B4022A13426006E6919 /* Debug */,
				3D830B4122A13426006E6919 /* Release */,
			);
			defaultConfigurationIsVisible = 0;
			defaultConfigurationName = Release;
		};
/* End XCConfigurationList section */
	};
	rootObject = 3D830B3022A13426006E6919 /* Project object */;
}
