// !$*UTF8*$!
{
	archiveVersion = 1;
	classes = {
	};
	objectVersion = 50;
	objects = {

/* Begin PBXBuildFile section */
		3DBA2EE322A5269E00D3C42E /* AppDelegate.m in Sources */ = {isa = PBXBuildFile; fileRef = 3DBA2EE222A5269E00D3C42E /* AppDelegate.m */; };
		3DBA2EE622A5269E00D3C42E /* ViewController.mm in Sources */ = {isa = PBXBuildFile; fileRef = 3DBA2EE522A5269E00D3C42E /* ViewController.mm */; };
		3DBA2EE922A5269E00D3C42E /* Main.storyboard in Resources */ = {isa = PBXBuildFile; fileRef = 3DBA2EE722A5269E00D3C42E /* Main.storyboard */; };
		3DBA2EEB22A526A200D3C42E /* Assets.xcassets in Resources */ = {isa = PBXBuildFile; fileRef = 3DBA2EEA22A526A200D3C42E /* Assets.xcassets */; };
		3DBA2EEE22A526A200D3C42E /* LaunchScreen.storyboard in Resources */ = {isa = PBXBuildFile; fileRef = 3DBA2EEC22A526A200D3C42E /* LaunchScreen.storyboard */; };
		3DBA2EF122A526A200D3C42E /* main.m in Sources */ = {isa = PBXBuildFile; fileRef = 3DBA2EF022A526A200D3C42E /* main.m */; };
/* End PBXBuildFile section */

/* Begin PBXFileReference section */
		3DBA2EDE22A5269E00D3C42E /* iOSEasyTcpClient.app */ = {isa = PBXFileReference; explicitFileType = wrapper.application; includeInIndex = 0; path = iOSEasyTcpClient.app; sourceTree = BUILT_PRODUCTS_DIR; };
		3DBA2EE122A5269E00D3C42E /* AppDelegate.h */ = {isa = PBXFileReference; lastKnownFileType = sourcecode.c.h; path = AppDelegate.h; sourceTree = "<group>"; };
		3DBA2EE222A5269E00D3C42E /* AppDelegate.m */ = {isa = PBXFileReference; lastKnownFileType = sourcecode.c.objc; path = AppDelegate.m; sourceTree = "<group>"; };
		3DBA2EE422A5269E00D3C42E /* ViewController.h */ = {isa = PBXFileReference; lastKnownFileType = sourcecode.c.h; path = ViewController.h; sourceTree = "<group>"; };
		3DBA2EE522A5269E00D3C42E /* ViewController.mm */ = {isa = PBXFileReference; lastKnownFileType = sourcecode.cpp.objcpp; path = ViewController.mm; sourceTree = "<group>"; };
		3DBA2EE822A5269E00D3C42E /* Base */ = {isa = PBXFileReference; lastKnownFileType = file.storyboard; name = Base; path = Base.lproj/Main.storyboard; sourceTree = "<group>"; };
		3DBA2EEA22A526A200D3C42E /* Assets.xcassets */ = {isa = PBXFileReference; lastKnownFileType = folder.assetcatalog; path = Assets.xcassets; sourceTree = "<group>"; };
		3DBA2EED22A526A200D3C42E /* Base */ = {isa = PBXFileReference; lastKnownFileType = file.storyboard; name = Base; path = Base.lproj/LaunchScreen.storyboard; sourceTree = "<group>"; };
		3DBA2EEF22A526A200D3C42E /* Info.plist */ = {isa = PBXFileReference; lastKnownFileType = text.plist.xml; path = Info.plist; sourceTree = "<group>"; };
		3DBA2EF022A526A200D3C42E /* main.m */ = {isa = PBXFileReference; lastKnownFileType = sourcecode.c.objc; path = main.m; sourceTree = "<group>"; };
/* End PBXFileReference section */

/* Begin PBXFrameworksBuildPhase section */
		3DBA2EDB22A5269E00D3C42E /* Frameworks */ = {
			isa = PBXFrameworksBuildPhase;
			buildActionMask = 2147483647;
			files = (
			);
			runOnlyForDeploymentPostprocessing = 0;
		};
/* End PBXFrameworksBuildPhase section */

/* Begin PBXGroup section */
		3DBA2ED522A5269E00D3C42E = {
			isa = PBXGroup;
			children = (
				3DBA2EE022A5269E00D3C42E /* iOSEasyTcpClient */,
				3DBA2EDF22A5269E00D3C42E /* Products */,
			);
			sourceTree = "<group>";
		};
		3DBA2EDF22A5269E00D3C42E /* Products */ = {
			isa = PBXGroup;
			children = (
				3DBA2EDE22A5269E00D3C42E /* iOSEasyTcpClient.app */,
			);
			name = Products;
			sourceTree = "<group>";
		};
		3DBA2EE022A5269E00D3C42E /* iOSEasyTcpClient */ = {
			isa = PBXGroup;
			children = (
				3DBA2EE122A5269E00D3C42E /* AppDelegate.h */,
				3DBA2EE222A5269E00D3C42E /* AppDelegate.m */,
				3DBA2EE422A5269E00D3C42E /* ViewController.h */,
				3DBA2EE522A5269E00D3C42E /* ViewController.mm */,
				3DBA2EE722A5269E00D3C42E /* Main.storyboard */,
				3DBA2EEA22A526A200D3C42E /* Assets.xcassets */,
				3DBA2EEC22A526A200D3C42E /* LaunchScreen.storyboard */,
				3DBA2EEF22A526A200D3C42E /* Info.plist */,
				3DBA2EF022A526A200D3C42E /* main.m */,
			);
			path = iOSEasyTcpClient;
			sourceTree = "<group>";
		};
/* End PBXGroup section */

/* Begin PBXNativeTarget section */
		3DBA2EDD22A5269E00D3C42E /* iOSEasyTcpClient */ = {
			isa = PBXNativeTarget;
			buildConfigurationList = 3DBA2EF422A526A200D3C42E /* Build configuration list for PBXNativeTarget "iOSEasyTcpClient" */;
			buildPhases = (
				3DBA2EDA22A5269E00D3C42E /* Sources */,
				3DBA2EDB22A5269E00D3C42E /* Frameworks */,
				3DBA2EDC22A5269E00D3C42E /* Resources */,
			);
			buildRules = (
			);
			dependencies = (
			);
			name = iOSEasyTcpClient;
			productName = iOSEasyTcpClient;
			productReference = 3DBA2EDE22A5269E00D3C42E /* iOSEasyTcpClient.app */;
			productType = "com.apple.product-type.application";
		};
/* End PBXNativeTarget section */

/* Begin PBXProject section */
		3DBA2ED622A5269E00D3C42E /* Project object */ = {
			isa = PBXProject;
			attributes = {
				LastUpgradeCheck = 1020;
				ORGANIZATIONNAME = "技术研发-IOS";
				TargetAttributes = {
					3DBA2EDD22A5269E00D3C42E = {
						CreatedOnToolsVersion = 10.2;
					};
				};
			};
			buildConfigurationList = 3DBA2ED922A5269E00D3C42E /* Build configuration list for PBXProject "iOSEasyTcpClient" */;
			compatibilityVersion = "Xcode 9.3";
			developmentRegion = en;
			hasScannedForEncodings = 0;
			knownRegions = (
				en,
				Base,
			);
			mainGroup = 3DBA2ED522A5269E00D3C42E;
			productRefGroup = 3DBA2EDF22A5269E00D3C42E /* Products */;
			projectDirPath = "";
			projectRoot = "";
			targets = (
				3DBA2EDD22A5269E00D3C42E /* iOSEasyTcpClient */,
			);
		};
/* End PBXProject section */

/* Begin PBXResourcesBuildPhase section */
		3DBA2EDC22A5269E00D3C42E /* Resources */ = {
			isa = PBXResourcesBuildPhase;
			buildActionMask = 2147483647;
			files = (
				3DBA2EEE22A526A200D3C42E /* LaunchScreen.storyboard in Resources */,
				3DBA2EEB22A526A200D3C42E /* Assets.xcassets in Resources */,
				3DBA2EE922A5269E00D3C42E /* Main.storyboard in Resources */,
			);
			runOnlyForDeploymentPostprocessing = 0;
		};
/* End PBXResourcesBuildPhase section */

/* Begin PBXSourcesBuildPhase section */
		3DBA2EDA22A5269E00D3C42E /* Sources */ = {
			isa = PBXSourcesBuildPhase;
			buildActionMask = 2147483647;
			files = (
				3DBA2EE622A5269E00D3C42E /* ViewController.mm in Sources */,
				3DBA2EF122A526A200D3C42E /* main.m in Sources */,
				3DBA2EE322A5269E00D3C42E /* AppDelegate.m in Sources */,
			);
			runOnlyForDeploymentPostprocessing = 0;
		};
/* End PBXSourcesBuildPhase section */

/* Begin PBXVariantGroup section */
		3DBA2EE722A5269E00D3C42E /* Main.storyboard */ = {
			isa = PBXVariantGroup;
			children = (
				3DBA2EE822A5269E00D3C42E /* Base */,
			);
			name = Main.storyboard;
			sourceTree = "<group>";
		};
		3DBA2EEC22A526A200D3C42E /* LaunchScreen.storyboard */ = {
			isa = PBXVariantGroup;
			children = (
				3DBA2EED22A526A200D3C42E /* Base */,
			);
			name = LaunchScreen.storyboard;
			sourceTree = "<group>";
		};
/* End PBXVariantGroup section */

/* Begin XCBuildConfiguration section */
		3DBA2EF222A526A200D3C42E /* Debug */ = {
			isa = XCBuildConfiguration;
			buildSettings = {
				ALWAYS_SEARCH_USER_PATHS = NO;
				CLANG_ANALYZER_NONNULL = YES;
				CLANG_ANALYZER_NUMBER_OBJECT_CONVERSION = YES_AGGRESSIVE;
				CLANG_CXX_LANGUAGE_STANDARD = "gnu++14";
				CLANG_CXX_LIBRARY = "libc++";
				CLANG_ENABLE_MODULES = YES;
				CLANG_ENABLE_OBJC_ARC = YES;
				CLANG_ENABLE_OBJC_WEAK = YES;
				CLANG_WARN_BLOCK_CAPTURE_AUTORELEASING = YES;
				CLANG_WARN_BOOL_CONVERSION = YES;
				CLANG_WARN_COMMA = YES;
				CLANG_WARN_CONSTANT_CONVERSION = YES;
				CLANG_WARN_DEPRECATED_OBJC_IMPLEMENTATIONS = YES;
				CLANG_WARN_DIRECT_OBJC_ISA_USAGE = YES_ERROR;
				CLANG_WARN_DOCUMENTATION_COMMENTS = YES;
				CLANG_WARN_EMPTY_BODY = YES;
				CLANG_WARN_ENUM_CONVERSION = YES;
				CLANG_WARN_INFINITE_RECURSION = YES;
				CLANG_WARN_INT_CONVERSION = YES;
				CLANG_WARN_NON_LITERAL_NULL_CONVERSION = YES;
				CLANG_WARN_OBJC_IMPLICIT_RETAIN_SELF = YES;
				CLANG_WARN_OBJC_LITERAL_CONVERSION = YES;
				CLANG_WARN_OBJC_ROOT_CLASS = YES_ERROR;
				CLANG_WARN_RANGE_LOOP_ANALYSIS = YES;
				CLANG_WARN_STRICT_PROTOTYPES = YES;
				CLANG_WARN_SUSPICIOUS_MOVE = YES;
				CLANG_WARN_UNGUARDED_AVAILABILITY = YES_AGGRESSIVE;
				CLANG_WARN_UNREACHABLE_CODE = YES;
				CLANG_WARN__DUPLICATE_METHOD_MATCH = YES;
				CODE_SIGN_IDENTITY = "iPhone Developer";
				COPY_PHASE_STRIP = NO;
				DEBUG_INFORMATION_FORMAT = dwarf;
				ENABLE_STRICT_OBJC_MSGSEND = YES;
				ENABLE_TESTABILITY = YES;
				GCC_C_LANGUAGE_STANDARD = gnu11;
				GCC_DYNAMIC_NO_PIC = NO;
				GCC_NO_COMMON_BLOCKS = YES;
				GCC_OPTIMIZATION_LEVEL = 0;
				GCC_PREPROCESSOR_DEFINITIONS = (
					"DEBUG=1",
					"$(inherited)",
				);
				GCC_WARN_64_TO_32_BIT_CONVERSION = YES;
				GCC_WARN_ABOUT_RETURN_TYPE = YES_ERROR;
				GCC_WARN_UNDECLARED_SELECTOR = YES;
				GCC_WARN_UNINITIALIZED_AUTOS = YES_AGGRESSIVE;
				GCC_WARN_UNUSED_FUNCTION = YES;
				GCC_WARN_UNUSED_VARIABLE = YES;
				IPHONEOS_DEPLOYMENT_TARGET = 12.2;
				MTL_ENABLE_DEBUG_INFO = INCLUDE_SOURCE;
				MTL_FAST_MATH = YES;
				ONLY_ACTIVE_ARCH = YES;
				SDKROOT = iphoneos;
			};
			name = Debug;
		};
		3DBA2EF322A526A200D3C42E /* Release */ = {
			isa = XCBuildConfiguration;
			buildSettings = {
				ALWAYS_SEARCH_USER_PATHS = NO;
				CLANG_ANALYZER_NONNULL = YES;
				CLANG_ANALYZER_NUMBER_OBJECT_CONVERSION = YES_AGGRESSIVE;
				CLANG_CXX_LANGUAGE_STANDARD = "gnu++14";
				CLANG_CXX_LIBRARY = "libc++";
				CLANG_ENABLE_MODULES = YES;
				CLANG_ENABLE_OBJC_ARC = YES;
				CLANG_ENABLE_OBJC_WEAK = YES;
				CLANG_WARN_BLOCK_CAPTURE_AUTORELEASING = YES;
				CLANG_WARN_BOOL_CONVERSION = YES;
				CLANG_WARN_COMMA = YES;
				CLANG_WARN_CONSTANT_CONVERSION = YES;
				CLANG_WARN_DEPRECATED_OBJC_IMPLEMENTATIONS = YES;
				CLANG_WARN_DIRECT_OBJC_ISA_USAGE = YES_ERROR;
				CLANG_WARN_DOCUMENTATION_COMMENTS = YES;
				CLANG_WARN_EMPTY_BODY = YES;
				CLANG_WARN_ENUM_CONVERSION = YES;
				CLANG_WARN_INFINITE_RECURSION = YES;
				CLANG_WARN_INT_CONVERSION = YES;
				CLANG_WARN_NON_LITERAL_NULL_CONVERSION = YES;
				CLANG_WARN_OBJC_IMPLICIT_RETAIN_SELF = YES;
				CLANG_WARN_OBJC_LITERAL_CONVERSION = YES;
				CLANG_WARN_OBJC_ROOT_CLASS = YES_ERROR;
				CLANG_WARN_RANGE_LOOP_ANALYSIS = YES;
				CLANG_WARN_STRICT_PROTOTYPES = YES;
				CLANG_WARN_SUSPICIOUS_MOVE = YES;
				CLANG_WARN_UNGUARDED_AVAILABILITY = YES_AGGRESSIVE;
				CLANG_WARN_UNREACHABLE_CODE = YES;
				CLANG_WARN__DUPLICATE_METHOD_MATCH = YES;
				CODE_SIGN_IDENTITY = "iPhone Developer";
				COPY_PHASE_STRIP = NO;
				DEBUG_INFORMATION_FORMAT = "dwarf-with-dsym";
				ENABLE_NS_ASSERTIONS = NO;
				ENABLE_STRICT_OBJC_MSGSEND = YES;
				GCC_C_LANGUAGE_STANDARD = gnu11;
				GCC_NO_COMMON_BLOCKS = YES;
				GCC_WARN_64_TO_32_BIT_CONVERSION = YES;
				GCC_WARN_ABOUT_RETURN_TYPE = YES_ERROR;
				GCC_WARN_UNDECLARED_SELECTOR = YES;
				GCC_WARN_UNINITIALIZED_AUTOS = YES_AGGRESSIVE;
				GCC_WARN_UNUSED_FUNCTION = YES;
				GCC_WARN_UNUSED_VARIABLE = YES;
				IPHONEOS_DEPLOYMENT_TARGET = 12.2;
				MTL_ENABLE_DEBUG_INFO = NO;
				MTL_FAST_MATH = YES;
				SDKROOT = iphoneos;
				VALIDATE_PRODUCT = YES;
			};
			name = Release;
		};
		3DBA2EF522A526A200D3C42E /* Debug */ = {
			isa = XCBuildConfiguration;
			buildSettings = {
				ASSETCATALOG_COMPILER_APPICON_NAME = AppIcon;
				CODE_SIGN_IDENTITY = "iPhone Developer";
				CODE_SIGN_STYLE = Automatic;
				DEVELOPMENT_TEAM = FZBCM6U2XB;
				HEADER_SEARCH_PATHS = "$(SRCROOT)/../depends/include";
				INFOPLIST_FILE = iOSEasyTcpClient/Info.plist;
				IPHONEOS_DEPLOYMENT_TARGET = 8.0;
				LD_RUNPATH_SEARCH_PATHS = (
					"$(inherited)",
					"@executable_path/Frameworks",
				);
				PRODUCT_BUNDLE_IDENTIFIER = com.touchtv.cppnet;
				PRODUCT_NAME = "$(TARGET_NAME)";
				PROVISIONING_PROFILE_SPECIFIER = "";
				TARGETED_DEVICE_FAMILY = "1,2";
			};
			name = Debug;
		};
		3DBA2EF622A526A200D3C42E /* Release */ = {
			isa = XCBuildConfiguration;
			buildSettings = {
				ASSETCATALOG_COMPILER_APPICON_NAME = AppIcon;
				CODE_SIGN_IDENTITY = "iPhone Developer";
				CODE_SIGN_STYLE = Automatic;
				DEVELOPMENT_TEAM = FZBCM6U2XB;
				HEADER_SEARCH_PATHS = "$(SRCROOT)/../depends/include";
				INFOPLIST_FILE = iOSEasyTcpClient/Info.plist;
				IPHONEOS_DEPLOYMENT_TARGET = 8.0;
				LD_RUNPATH_SEARCH_PATHS = (
					"$(inherited)",
					"@executable_path/Frameworks",
				);
				PRODUCT_BUNDLE_IDENTIFIER = com.touchtv.cppnet;
				PRODUCT_NAME = "$(TARGET_NAME)";
				PROVISIONING_PROFILE_SPECIFIER = "";
				TARGETED_DEVICE_FAMILY = "1,2";
			};
			name = Release;
		};
/* End XCBuildConfiguration section */

/* Begin XCConfigurationList section */
		3DBA2ED922A5269E00D3C42E /* Build configuration list for PBXProject "iOSEasyTcpClient" */ = {
			isa = XCConfigurationList;
			buildConfigurations = (
				3DBA2EF222A526A200D3C42E /* Debug */,
				3DBA2EF322A526A200D3C42E /* Release */,
			);
			defaultConfigurationIsVisible = 0;
			defaultConfigurationName = Release;
		};
		3DBA2EF422A526A200D3C42E /* Build configuration list for PBXNativeTarget "iOSEasyTcpClient" */ = {
			isa = XCConfigurationList;
			buildConfigurations = (
				3DBA2EF522A526A200D3C42E /* Debug */,
				3DBA2EF622A526A200D3C42E /* Release */,
			);
			defaultConfigurationIsVisible = 0;
			defaultConfigurationName = Release;
		};
/* End XCConfigurationList section */
	};
	rootObject = 3DBA2ED622A5269E00D3C42E /* Project object */;
}
